%{"cowboy": {:package, "1.0.0"},
  "cowlib": {:package, "1.0.0"},
  "excoveralls": {:package, "0.3.2"},
  "jsex": {:package, "2.0.0"},
  "jsx": {:package, "2.0.4"},
  "plug": {:package, "0.6.0"},
  "ranch": {:package, "1.0.0"},
  "reprise": {:package, "0.2.6"},
  "webassembly": {:package, "0.3.3"}}
