%{"cowboy": {:git, "git://github.com/extend/cowboy.git", "ee3ad5e51005b453230804036e092e1d2ceebe4f", []},
  "cowlib": {:git, "git://github.com/extend/cowlib.git", "e2ffefe828b918486e2cd76e44c54ae9b62c616e", [ref: "0.6.2"]},
  "excoveralls": {:git, "git://github.com/parroty/excoveralls.git", "38625ea6d32d633b184284b5eb5c79e7bfc28258", [tag: "v0.2.2"]},
  "exprintf": {:package, "0.1.2"},
  "exreloader": {:git, "git://github.com/herenowcoder/exreloader.git", "02e215628da172e4ae7a43d016579794322505d7", []},
  "genx": {:git, "git://github.com/herenowcoder/genx.git", "74aab0c704af5e2664cf55086a5bffb933711a3e", []},
  "jsex": {:package, "2.0.0"},
  "jsx": {:package, "2.0.4"},
  "plug": {:git, "git://github.com/elixir-lang/plug.git", "d5737b543ffa48b40dcb7422ef31a03b62b82aee", [tag: "v0.5.1"]},
  "ranch": {:git, "git://github.com/extend/ranch.git", "3189ef2d47843945efc96c224963380462c33d40", [ref: "0.10.0"]}}
