%{"cowboy": {:git, "git://github.com/extend/cowboy.git", "ee3ad5e51005b453230804036e092e1d2ceebe4f", []},
  "cowlib": {:git, "git://github.com/extend/cowlib.git", "e2ffefe828b918486e2cd76e44c54ae9b62c616e", [ref: "0.6.2"]},
  "excoveralls": {:git, "git://github.com/parroty/excoveralls.git", "2e3d585fe58cef51d09fd5222da8a9a020b2ecde", [tag: "v0.2.3"]},
  "exprintf": {:package, "0.1.2"},
  "exreloader": {:git, "git://github.com/herenowcoder/exreloader.git", "02e215628da172e4ae7a43d016579794322505d7", []},
  "jsex": {:package, "2.0.0"},
  "jsx": {:package, "2.0.4"},
  "plug": {:package, "0.5.1"},
  "ranch": {:git, "git://github.com/extend/ranch.git", "3189ef2d47843945efc96c224963380462c33d40", [ref: "0.10.0"]},
  "reprise": {:package, "0.1.1"}}
